
Microsoft Visual Studio Solution File, Format Version 12.00
# Visual Studio Version 16
VisualStudioVersion = 16.0.30503.244
MinimumVisualStudioVersion = 10.0.40219.1
Project("{FAE04EC0-301F-11D3-BF4B-00C04F79EFBC}") = "IT325NameQueue_GEW", "IT325NameQueue_GEW.csproj", "{398B2036-72F4-49C9-A314-950F37283EED}"
EndProject
Global
	GlobalSection(SolutionConfigurationPlatforms) = preSolution
		Debug|Any CPU = Debug|Any CPU
		Release|Any CPU = Release|Any CPU
	EndGlobalSection
	GlobalSection(ProjectConfigurationPlatforms) = postSolution
		{398B2036-72F4-49C9-A314-950F37283EED}.Debug|Any CPU.ActiveCfg = Debug|Any CPU
		{398B2036-72F4-49C9-A314-950F37283EED}.Debug|Any CPU.Build.0 = Debug|Any CPU
		{398B2036-72F4-49C9-A314-950F37283EED}.Release|Any CPU.ActiveCfg = Release|Any CPU
		{398B2036-72F4-49C9-A314-950F37283EED}.Release|Any CPU.Build.0 = Release|Any CPU
	EndGlobalSection
	GlobalSection(SolutionProperties) = preSolution
		HideSolutionNode = FALSE
	EndGlobalSection
	GlobalSection(ExtensibilityGlobals) = postSolution
		SolutionGuid = {8338CF20-7E7A-477E-89BD-BEB486899379}
	EndGlobalSection
EndGlobal
